
Microsoft Visual Studio Solution File, Format Version 12.00
Project("{FAE04EC0-301F-11D3-BF4B-00C04F79EFBC}") = "Weathered.CLI", "Weathered.CLI\Weathered.CLI.csproj", "{12A980BC-9035-46AB-A739-57A88D3D6803}"
EndProject
Project("{2150E333-8FDC-42A3-9474-1A3956D46DE8}") = "src", "src", "{10AC7B8D-D884-4D6C-BB6D-8E26DEE77ED4}"
EndProject
Project("{FAE04EC0-301F-11D3-BF4B-00C04F79EFBC}") = "Weathered.API", "Weathered.API\Weathered.API.csproj", "{638C5B8A-9FB4-46F9-8FD7-8188AC82CC8F}"
EndProject
Project("{FAE04EC0-301F-11D3-BF4B-00C04F79EFBC}") = "Weathered.Data", "Weathered.Data\Weathered.Data.csproj", "{6B7B7438-5E69-4F95-872B-45C72236E0BB}"
EndProject
Project("{FAE04EC0-301F-11D3-BF4B-00C04F79EFBC}") = "Weathered.Services", "Weathered.Services\Weathered.Services.csproj", "{C37A17F3-B2D1-480C-85D4-FB6EE6228051}"
EndProject
Project("{FAE04EC0-301F-11D3-BF4B-00C04F79EFBC}") = "Weathered.API.Tests", "Weathered.API.Tests\Weathered.API.Tests.csproj", "{A484DD83-0652-42CE-A9D8-2A47DAA0DA0E}"
EndProject
Project("{FAE04EC0-301F-11D3-BF4B-00C04F79EFBC}") = "Weathered.Data.Tests", "Weathered.Data.Tests\Weathered.Data.Tests.csproj", "{4CD8C530-AAF7-4C76-AE89-001138999F7C}"
EndProject
Project("{FAE04EC0-301F-11D3-BF4B-00C04F79EFBC}") = "Weathered.Services.Tests", "Weathered.Services.Tests\Weathered.Services.Tests.csproj", "{09A856C5-9311-4FE8-97FD-A0807789E246}"
EndProject
Global
	GlobalSection(SolutionConfigurationPlatforms) = preSolution
		Debug|Any CPU = Debug|Any CPU
		Release|Any CPU = Release|Any CPU
	EndGlobalSection
	GlobalSection(ProjectConfigurationPlatforms) = postSolution
		{12A980BC-9035-46AB-A739-57A88D3D6803}.Debug|Any CPU.ActiveCfg = Debug|Any CPU
		{12A980BC-9035-46AB-A739-57A88D3D6803}.Debug|Any CPU.Build.0 = Debug|Any CPU
		{12A980BC-9035-46AB-A739-57A88D3D6803}.Release|Any CPU.ActiveCfg = Release|Any CPU
		{12A980BC-9035-46AB-A739-57A88D3D6803}.Release|Any CPU.Build.0 = Release|Any CPU
		{638C5B8A-9FB4-46F9-8FD7-8188AC82CC8F}.Debug|Any CPU.ActiveCfg = Debug|Any CPU
		{638C5B8A-9FB4-46F9-8FD7-8188AC82CC8F}.Debug|Any CPU.Build.0 = Debug|Any CPU
		{638C5B8A-9FB4-46F9-8FD7-8188AC82CC8F}.Release|Any CPU.ActiveCfg = Release|Any CPU
		{638C5B8A-9FB4-46F9-8FD7-8188AC82CC8F}.Release|Any CPU.Build.0 = Release|Any CPU
		{6B7B7438-5E69-4F95-872B-45C72236E0BB}.Debug|Any CPU.ActiveCfg = Debug|Any CPU
		{6B7B7438-5E69-4F95-872B-45C72236E0BB}.Debug|Any CPU.Build.0 = Debug|Any CPU
		{6B7B7438-5E69-4F95-872B-45C72236E0BB}.Release|Any CPU.ActiveCfg = Release|Any CPU
		{6B7B7438-5E69-4F95-872B-45C72236E0BB}.Release|Any CPU.Build.0 = Release|Any CPU
		{C37A17F3-B2D1-480C-85D4-FB6EE6228051}.Debug|Any CPU.ActiveCfg = Debug|Any CPU
		{C37A17F3-B2D1-480C-85D4-FB6EE6228051}.Debug|Any CPU.Build.0 = Debug|Any CPU
		{C37A17F3-B2D1-480C-85D4-FB6EE6228051}.Release|Any CPU.ActiveCfg = Release|Any CPU
		{C37A17F3-B2D1-480C-85D4-FB6EE6228051}.Release|Any CPU.Build.0 = Release|Any CPU
		{A484DD83-0652-42CE-A9D8-2A47DAA0DA0E}.Debug|Any CPU.ActiveCfg = Debug|Any CPU
		{A484DD83-0652-42CE-A9D8-2A47DAA0DA0E}.Debug|Any CPU.Build.0 = Debug|Any CPU
		{A484DD83-0652-42CE-A9D8-2A47DAA0DA0E}.Release|Any CPU.ActiveCfg = Release|Any CPU
		{A484DD83-0652-42CE-A9D8-2A47DAA0DA0E}.Release|Any CPU.Build.0 = Release|Any CPU
		{4CD8C530-AAF7-4C76-AE89-001138999F7C}.Debug|Any CPU.ActiveCfg = Debug|Any CPU
		{4CD8C530-AAF7-4C76-AE89-001138999F7C}.Debug|Any CPU.Build.0 = Debug|Any CPU
		{4CD8C530-AAF7-4C76-AE89-001138999F7C}.Release|Any CPU.ActiveCfg = Release|Any CPU
		{4CD8C530-AAF7-4C76-AE89-001138999F7C}.Release|Any CPU.Build.0 = Release|Any CPU
		{09A856C5-9311-4FE8-97FD-A0807789E246}.Debug|Any CPU.ActiveCfg = Debug|Any CPU
		{09A856C5-9311-4FE8-97FD-A0807789E246}.Debug|Any CPU.Build.0 = Debug|Any CPU
		{09A856C5-9311-4FE8-97FD-A0807789E246}.Release|Any CPU.ActiveCfg = Release|Any CPU
		{09A856C5-9311-4FE8-97FD-A0807789E246}.Release|Any CPU.Build.0 = Release|Any CPU
	EndGlobalSection
	GlobalSection(NestedProjects) = preSolution
		{12A980BC-9035-46AB-A739-57A88D3D6803} = {10AC7B8D-D884-4D6C-BB6D-8E26DEE77ED4}
		{638C5B8A-9FB4-46F9-8FD7-8188AC82CC8F} = {10AC7B8D-D884-4D6C-BB6D-8E26DEE77ED4}
		{6B7B7438-5E69-4F95-872B-45C72236E0BB} = {10AC7B8D-D884-4D6C-BB6D-8E26DEE77ED4}
		{C37A17F3-B2D1-480C-85D4-FB6EE6228051} = {10AC7B8D-D884-4D6C-BB6D-8E26DEE77ED4}
		{A484DD83-0652-42CE-A9D8-2A47DAA0DA0E} = {10AC7B8D-D884-4D6C-BB6D-8E26DEE77ED4}
		{4CD8C530-AAF7-4C76-AE89-001138999F7C} = {10AC7B8D-D884-4D6C-BB6D-8E26DEE77ED4}
		{09A856C5-9311-4FE8-97FD-A0807789E246} = {10AC7B8D-D884-4D6C-BB6D-8E26DEE77ED4}
	EndGlobalSection
EndGlobal
